{
  "version": 4,
  "terraform_version": "1.11.4",
  "serial": 10,
  "lineage": "67513bcd-e4d6-2d8c-0289-aa97b1e6c664",
  "outputs": {},
  "resources": [
    {
      "mode": "managed",
      "type": "azurerm_linux_web_app",
      "name": "app",
      "provider": "provider[\"registry.terraform.io/hashicorp/azurerm\"]",
      "instances": [
        {
          "schema_version": 1,
          "attributes": {
            "app_settings": {
              "DOCKER_CUSTOM_IMAGE_NAME": "deezinn/my-dash-app:latest",
              "WEBSITES_PORT": "8050"
            },
            "auth_settings": [],
            "auth_settings_v2": [],
            "backup": [],
            "client_affinity_enabled": false,
            "client_certificate_enabled": false,
            "client_certificate_exclusion_paths": "",
            "client_certificate_mode": "Required",
            "connection_string": [],
            "custom_domain_verification_id": "56ACA277D2AF216FB778267A04B9F50A807DB0193E204B5B6FE9DE0D001BBBB1",
            "default_hostname": "my-dash-web-app.azurewebsites.net",
            "enabled": true,
            "ftp_publish_basic_authentication_enabled": true,
            "hosting_environment_id": "",
            "https_only": false,
            "id": "/subscriptions/62a47bad-99aa-450d-a7e2-ef75d08015f4/resourceGroups/my-dash-app-rg/providers/Microsoft.Web/sites/my-dash-web-app",
            "identity": [],
            "key_vault_reference_identity_id": "SystemAssigned",
            "kind": "app,linux",
            "location": "eastus",
            "logs": [],
            "name": "my-dash-web-app",
            "outbound_ip_address_list": [
              "52.142.39.149",
              "52.142.39.169",
              "40.71.236.120",
              "52.149.168.52",
              "52.149.168.241",
              "52.188.136.215",
              "40.71.237.27",
              "52.188.141.108",
              "40.71.239.26",
              "52.142.32.96",
              "52.188.136.145",
              "52.142.32.140",
              "20.119.0.55"
            ],
            "outbound_ip_addresses": "52.142.39.149,52.142.39.169,40.71.236.120,52.149.168.52,52.149.168.241,52.188.136.215,40.71.237.27,52.188.141.108,40.71.239.26,52.142.32.96,52.188.136.145,52.142.32.140,20.119.0.55",
            "possible_outbound_ip_address_list": [
              "52.142.39.149",
              "52.142.39.169",
              "40.71.236.120",
              "52.149.168.52",
              "52.149.168.241",
              "52.188.136.215",
              "40.71.237.27",
              "52.188.141.108",
              "40.71.239.26",
              "52.142.32.96",
              "52.188.136.145",
              "52.142.32.140",
              "52.142.35.96",
              "52.142.35.123",
              "40.71.234.98",
              "52.142.36.7",
              "52.142.36.198",
              "52.142.36.212",
              "52.142.36.230",
              "52.142.36.244",
              "52.142.37.6",
              "52.142.37.22",
              "52.142.37.80",
              "52.142.37.83",
              "52.149.170.14",
              "52.149.170.251",
              "52.149.171.202",
              "52.149.173.24",
              "52.149.173.190",
              "52.149.175.76",
              "20.119.0.55"
            ],
            "possible_outbound_ip_addresses": "52.142.39.149,52.142.39.169,40.71.236.120,52.149.168.52,52.149.168.241,52.188.136.215,40.71.237.27,52.188.141.108,40.71.239.26,52.142.32.96,52.188.136.145,52.142.32.140,52.142.35.96,52.142.35.123,40.71.234.98,52.142.36.7,52.142.36.198,52.142.36.212,52.142.36.230,52.142.36.244,52.142.37.6,52.142.37.22,52.142.37.80,52.142.37.83,52.149.170.14,52.149.170.251,52.149.171.202,52.149.173.24,52.149.173.190,52.149.175.76,20.119.0.55",
            "public_network_access_enabled": true,
            "resource_group_name": "my-dash-app-rg",
            "service_plan_id": "/subscriptions/62a47bad-99aa-450d-a7e2-ef75d08015f4/resourceGroups/my-dash-app-rg/providers/Microsoft.Web/serverFarms/my-dash-app-service-plan",
            "site_config": [
              {
                "always_on": true,
                "api_definition_url": "",
                "api_management_api_id": "",
                "app_command_line": "",
                "application_stack": [
                  {
                    "docker_image_name": "",
                    "docker_registry_password": "",
                    "docker_registry_url": "",
                    "docker_registry_username": "",
                    "dotnet_version": "",
                    "go_version": "",
                    "java_server": "",
                    "java_server_version": "",
                    "java_version": "",
                    "node_version": "",
                    "php_version": "",
                    "python_version": "",
                    "ruby_version": ""
                  }
                ],
                "auto_heal_setting": [],
                "container_registry_managed_identity_client_id": "",
                "container_registry_use_managed_identity": false,
                "cors": [],
                "default_documents": [
                  "Default.htm",
                  "Default.html",
                  "Default.asp",
                  "index.htm",
                  "index.html",
                  "iisstart.htm",
                  "default.aspx",
                  "index.php",
                  "hostingstart.html"
                ],
                "detailed_error_logging_enabled": false,
                "ftps_state": "Disabled",
                "health_check_eviction_time_in_min": 0,
                "health_check_path": "",
                "http2_enabled": false,
                "ip_restriction": [],
                "ip_restriction_default_action": "Allow",
                "linux_fx_version": "",
                "load_balancing_mode": "LeastRequests",
                "local_mysql_enabled": false,
                "managed_pipeline_mode": "Integrated",
                "minimum_tls_version": "1.2",
                "remote_debugging_enabled": false,
                "remote_debugging_version": "VS2022",
                "scm_ip_restriction": [],
                "scm_ip_restriction_default_action": "Allow",
                "scm_minimum_tls_version": "1.2",
                "scm_type": "None",
                "scm_use_main_ip_restriction": false,
                "use_32_bit_worker": true,
                "vnet_route_all_enabled": false,
                "websockets_enabled": false,
                "worker_count": 1
              }
            ],
            "site_credential": [
              {
                "name": "$my-dash-web-app",
                "password": "5niAhuwXdCl8BE0tudu6mk1YRAyx8EYs2HQhLGKJjiNHN8krybwfX4P05bRh"
              }
            ],
            "sticky_settings": [],
            "storage_account": [],
            "tags": {
              "environment": "production"
            },
            "timeouts": null,
            "virtual_network_backup_restore_enabled": false,
            "virtual_network_subnet_id": "",
            "webdeploy_publish_basic_authentication_enabled": true,
            "zip_deploy_file": ""
          },
          "sensitive_attributes": [
            [
              {
                "type": "get_attr",
                "value": "site_config"
              },
              {
                "type": "index",
                "value": {
                  "value": 0,
                  "type": "number"
                }
              },
              {
                "type": "get_attr",
                "value": "application_stack"
              },
              {
                "type": "index",
                "value": {
                  "value": 0,
                  "type": "number"
                }
              },
              {
                "type": "get_attr",
                "value": "docker_registry_password"
              }
            ],
            [
              {
                "type": "get_attr",
                "value": "custom_domain_verification_id"
              }
            ],
            [
              {
                "type": "get_attr",
                "value": "site_credential"
              }
            ]
          ],
          "private": "eyJlMmJmYjczMC1lY2FhLTExZTYtOGY4OC0zNDM2M2JjN2M0YzAiOnsiY3JlYXRlIjoxODAwMDAwMDAwMDAwLCJkZWxldGUiOjE4MDAwMDAwMDAwMDAsInJlYWQiOjMwMDAwMDAwMDAwMCwidXBkYXRlIjoxODAwMDAwMDAwMDAwfSwic2NoZW1hX3ZlcnNpb24iOiIxIn0=",
          "dependencies": [
            "azurerm_resource_group.rg",
            "azurerm_service_plan.app_service_plan"
          ]
        }
      ]
    },
    {
      "mode": "managed",
      "type": "azurerm_resource_group",
      "name": "rg",
      "provider": "provider[\"registry.terraform.io/hashicorp/azurerm\"]",
      "instances": [
        {
          "schema_version": 0,
          "attributes": {
            "id": "/subscriptions/62a47bad-99aa-450d-a7e2-ef75d08015f4/resourceGroups/my-dash-app-rg",
            "location": "eastus",
            "managed_by": "",
            "name": "my-dash-app-rg",
            "tags": {},
            "timeouts": null
          },
          "sensitive_attributes": [],
          "private": "eyJlMmJmYjczMC1lY2FhLTExZTYtOGY4OC0zNDM2M2JjN2M0YzAiOnsiY3JlYXRlIjo1NDAwMDAwMDAwMDAwLCJkZWxldGUiOjU0MDAwMDAwMDAwMDAsInJlYWQiOjMwMDAwMDAwMDAwMCwidXBkYXRlIjo1NDAwMDAwMDAwMDAwfX0="
        }
      ]
    },
    {
      "mode": "managed",
      "type": "azurerm_service_plan",
      "name": "app_service_plan",
      "provider": "provider[\"registry.terraform.io/hashicorp/azurerm\"]",
      "instances": [
        {
          "schema_version": 1,
          "attributes": {
            "app_service_environment_id": "",
            "id": "/subscriptions/62a47bad-99aa-450d-a7e2-ef75d08015f4/resourceGroups/my-dash-app-rg/providers/Microsoft.Web/serverFarms/my-dash-app-service-plan",
            "kind": "linux",
            "location": "eastus",
            "maximum_elastic_worker_count": 1,
            "name": "my-dash-app-service-plan",
            "os_type": "Linux",
            "per_site_scaling_enabled": false,
            "premium_plan_auto_scale_enabled": false,
            "reserved": true,
            "resource_group_name": "my-dash-app-rg",
            "sku_name": "B1",
            "tags": {
              "environment": "production"
            },
            "timeouts": null,
            "worker_count": 1,
            "zone_balancing_enabled": false
          },
          "sensitive_attributes": [],
          "private": "eyJlMmJmYjczMC1lY2FhLTExZTYtOGY4OC0zNDM2M2JjN2M0YzAiOnsiY3JlYXRlIjozNjAwMDAwMDAwMDAwLCJkZWxldGUiOjM2MDAwMDAwMDAwMDAsInJlYWQiOjMwMDAwMDAwMDAwMCwidXBkYXRlIjozNjAwMDAwMDAwMDAwfSwic2NoZW1hX3ZlcnNpb24iOiIxIn0=",
          "dependencies": [
            "azurerm_resource_group.rg"
          ]
        }
      ]
    }
  ],
  "check_results": null
}
